
Microsoft Visual Studio Solution File, Format Version 12.00
# Visual Studio Version 16
VisualStudioVersion = 16.0.810.14
MinimumVisualStudioVersion = 10.0.40219.1
Project("{FAE04EC0-301F-11D3-BF4B-00C04F79EFBC}") = "Restaurants", "Restaurants\Restaurants.csproj", "{AA63B549-6CBC-4E4D-A4EA-EBE0A7A7000A}"
EndProject
Project("{FAE04EC0-301F-11D3-BF4B-00C04F79EFBC}") = "Restaurants.Core", "Restaurants.Core\Restaurants.Core.csproj", "{353B7A92-2127-43D3-A94E-D13721B800CA}"
EndProject
Project("{FAE04EC0-301F-11D3-BF4B-00C04F79EFBC}") = "Restaurants.Data", "Restaurants.Data\Restaurants.Data.csproj", "{83F73C39-C9FC-48D0-B3B7-FF89F2854862}"
EndProject
Global
	GlobalSection(SolutionConfigurationPlatforms) = preSolution
		Debug|Any CPU = Debug|Any CPU
		Release|Any CPU = Release|Any CPU
	EndGlobalSection
	GlobalSection(ProjectConfigurationPlatforms) = postSolution
		{AA63B549-6CBC-4E4D-A4EA-EBE0A7A7000A}.Debug|Any CPU.ActiveCfg = Debug|Any CPU
		{AA63B549-6CBC-4E4D-A4EA-EBE0A7A7000A}.Debug|Any CPU.Build.0 = Debug|Any CPU
		{AA63B549-6CBC-4E4D-A4EA-EBE0A7A7000A}.Release|Any CPU.ActiveCfg = Release|Any CPU
		{AA63B549-6CBC-4E4D-A4EA-EBE0A7A7000A}.Release|Any CPU.Build.0 = Release|Any CPU
		{353B7A92-2127-43D3-A94E-D13721B800CA}.Debug|Any CPU.ActiveCfg = Debug|Any CPU
		{353B7A92-2127-43D3-A94E-D13721B800CA}.Debug|Any CPU.Build.0 = Debug|Any CPU
		{353B7A92-2127-43D3-A94E-D13721B800CA}.Release|Any CPU.ActiveCfg = Release|Any CPU
		{353B7A92-2127-43D3-A94E-D13721B800CA}.Release|Any CPU.Build.0 = Release|Any CPU
		{83F73C39-C9FC-48D0-B3B7-FF89F2854862}.Debug|Any CPU.ActiveCfg = Debug|Any CPU
		{83F73C39-C9FC-48D0-B3B7-FF89F2854862}.Debug|Any CPU.Build.0 = Debug|Any CPU
		{83F73C39-C9FC-48D0-B3B7-FF89F2854862}.Release|Any CPU.ActiveCfg = Release|Any CPU
		{83F73C39-C9FC-48D0-B3B7-FF89F2854862}.Release|Any CPU.Build.0 = Release|Any CPU
	EndGlobalSection
	GlobalSection(SolutionProperties) = preSolution
		HideSolutionNode = FALSE
	EndGlobalSection
	GlobalSection(ExtensibilityGlobals) = postSolution
		SolutionGuid = {05C3A3D4-231D-4A09-B6A3-2A91E131E9F4}
	EndGlobalSection
EndGlobal
